
Microsoft Visual Studio Solution File, Format Version 12.00
# Visual Studio Version 16
VisualStudioVersion = 16.0.29503.13
MinimumVisualStudioVersion = 10.0.40219.1
Project("{9A19103F-16F7-4668-BE54-9A1E7A4F7556}") = "ObserverDDS", "ObserverNet\ObserverDDS.csproj", "{30815E8F-37CC-439F-9ADD-757B1ADC24C9}"
EndProject
Project("{2150E333-8FDC-42A3-9474-1A3956D46DE8}") = "Test", "Test", "{B9C7B0A6-834B-4EC5-A804-A9D9BE732A49}"
EndProject
Project("{FAE04EC0-301F-11D3-BF4B-00C04F79EFBC}") = "pub", "pub\pub.csproj", "{29873F6B-A268-47D1-8EE4-D8DC3B317444}"
EndProject
Project("{FAE04EC0-301F-11D3-BF4B-00C04F79EFBC}") = "sub", "sub\sub.csproj", "{3F62EF84-BBAB-4602-86CA-BD08B80E9BED}"
EndProject
Project("{9A19103F-16F7-4668-BE54-9A1E7A4F7556}") = "ObjectNetDDS", "ObjectDDS\ObjectNetDDS.csproj", "{80CFEDCC-39D5-4F64-9F2F-BB15CD17A37F}"
EndProject
Project("{FAE04EC0-301F-11D3-BF4B-00C04F79EFBC}") = "Model", "Model\Model.csproj", "{F3AAE923-5FFA-48D5-88E9-EE43FCDBF740}"
EndProject
Global
	GlobalSection(SolutionConfigurationPlatforms) = preSolution
		Debug|Any CPU = Debug|Any CPU
		Release|Any CPU = Release|Any CPU
	EndGlobalSection
	GlobalSection(ProjectConfigurationPlatforms) = postSolution
		{30815E8F-37CC-439F-9ADD-757B1ADC24C9}.Debug|Any CPU.ActiveCfg = Debug|Any CPU
		{30815E8F-37CC-439F-9ADD-757B1ADC24C9}.Debug|Any CPU.Build.0 = Debug|Any CPU
		{30815E8F-37CC-439F-9ADD-757B1ADC24C9}.Release|Any CPU.ActiveCfg = Release|Any CPU
		{30815E8F-37CC-439F-9ADD-757B1ADC24C9}.Release|Any CPU.Build.0 = Release|Any CPU
		{29873F6B-A268-47D1-8EE4-D8DC3B317444}.Debug|Any CPU.ActiveCfg = Debug|Any CPU
		{29873F6B-A268-47D1-8EE4-D8DC3B317444}.Debug|Any CPU.Build.0 = Debug|Any CPU
		{29873F6B-A268-47D1-8EE4-D8DC3B317444}.Release|Any CPU.ActiveCfg = Release|Any CPU
		{29873F6B-A268-47D1-8EE4-D8DC3B317444}.Release|Any CPU.Build.0 = Release|Any CPU
		{3F62EF84-BBAB-4602-86CA-BD08B80E9BED}.Debug|Any CPU.ActiveCfg = Debug|Any CPU
		{3F62EF84-BBAB-4602-86CA-BD08B80E9BED}.Debug|Any CPU.Build.0 = Debug|Any CPU
		{3F62EF84-BBAB-4602-86CA-BD08B80E9BED}.Release|Any CPU.ActiveCfg = Release|Any CPU
		{3F62EF84-BBAB-4602-86CA-BD08B80E9BED}.Release|Any CPU.Build.0 = Release|Any CPU
		{80CFEDCC-39D5-4F64-9F2F-BB15CD17A37F}.Debug|Any CPU.ActiveCfg = Debug|Any CPU
		{80CFEDCC-39D5-4F64-9F2F-BB15CD17A37F}.Debug|Any CPU.Build.0 = Debug|Any CPU
		{80CFEDCC-39D5-4F64-9F2F-BB15CD17A37F}.Release|Any CPU.ActiveCfg = Release|Any CPU
		{80CFEDCC-39D5-4F64-9F2F-BB15CD17A37F}.Release|Any CPU.Build.0 = Release|Any CPU
		{F3AAE923-5FFA-48D5-88E9-EE43FCDBF740}.Debug|Any CPU.ActiveCfg = Debug|Any CPU
		{F3AAE923-5FFA-48D5-88E9-EE43FCDBF740}.Debug|Any CPU.Build.0 = Debug|Any CPU
		{F3AAE923-5FFA-48D5-88E9-EE43FCDBF740}.Release|Any CPU.ActiveCfg = Release|Any CPU
		{F3AAE923-5FFA-48D5-88E9-EE43FCDBF740}.Release|Any CPU.Build.0 = Release|Any CPU
	EndGlobalSection
	GlobalSection(SolutionProperties) = preSolution
		HideSolutionNode = FALSE
	EndGlobalSection
	GlobalSection(NestedProjects) = preSolution
		{29873F6B-A268-47D1-8EE4-D8DC3B317444} = {B9C7B0A6-834B-4EC5-A804-A9D9BE732A49}
		{3F62EF84-BBAB-4602-86CA-BD08B80E9BED} = {B9C7B0A6-834B-4EC5-A804-A9D9BE732A49}
	EndGlobalSection
	GlobalSection(ExtensibilityGlobals) = postSolution
		SolutionGuid = {21065285-EAEC-4D84-9351-34CEF6D0B4AB}
	EndGlobalSection
EndGlobal
